
Microsoft Visual Studio Solution File, Format Version 12.00
# Visual Studio 15
VisualStudioVersion = 15.0.36324.19
MinimumVisualStudioVersion = 10.0.40219.1
Project("{FAE04EC0-301F-11D3-BF4B-00C04F79EFBC}") = "Tarea2", "Tarea2\Tarea2.csproj", "{A6E3A130-E191-43E2-94A3-FBD7F545190D}"
EndProject
Global
	GlobalSection(SolutionConfigurationPlatforms) = preSolution
		Debug|Any CPU = Debug|Any CPU
		Release|Any CPU = Release|Any CPU
	EndGlobalSection
	GlobalSection(ProjectConfigurationPlatforms) = postSolution
		{A6E3A130-E191-43E2-94A3-FBD7F545190D}.Debug|Any CPU.ActiveCfg = Debug|Any CPU
		{A6E3A130-E191-43E2-94A3-FBD7F545190D}.Debug|Any CPU.Build.0 = Debug|Any CPU
		{A6E3A130-E191-43E2-94A3-FBD7F545190D}.Release|Any CPU.ActiveCfg = Release|Any CPU
		{A6E3A130-E191-43E2-94A3-FBD7F545190D}.Release|Any CPU.Build.0 = Release|Any CPU
	EndGlobalSection
	GlobalSection(SolutionProperties) = preSolution
		HideSolutionNode = FALSE
	EndGlobalSection
	GlobalSection(ExtensibilityGlobals) = postSolution
		SolutionGuid = {784FAE07-48D5-41A2-AB8A-1C551E25444F}
	EndGlobalSection
EndGlobal
